
Microsoft Visual Studio Solution File, Format Version 12.00
# Visual Studio Version 16
VisualStudioVersion = 16.0.29020.237
MinimumVisualStudioVersion = 10.0.40219.1
Project("{FAE04EC0-301F-11D3-BF4B-00C04F79EFBC}") = "DailyCo Api Integration", "DailyCo Api Integration\DailyCo Api Integration.csproj", "{B0F1914D-1CD0-41F3-8E11-B97B656FA83F}"
EndProject
Global
	GlobalSection(SolutionConfigurationPlatforms) = preSolution
		Debug|Any CPU = Debug|Any CPU
		Release|Any CPU = Release|Any CPU
	EndGlobalSection
	GlobalSection(ProjectConfigurationPlatforms) = postSolution
		{B0F1914D-1CD0-41F3-8E11-B97B656FA83F}.Debug|Any CPU.ActiveCfg = Debug|Any CPU
		{B0F1914D-1CD0-41F3-8E11-B97B656FA83F}.Debug|Any CPU.Build.0 = Debug|Any CPU
		{B0F1914D-1CD0-41F3-8E11-B97B656FA83F}.Release|Any CPU.ActiveCfg = Release|Any CPU
		{B0F1914D-1CD0-41F3-8E11-B97B656FA83F}.Release|Any CPU.Build.0 = Release|Any CPU
	EndGlobalSection
	GlobalSection(SolutionProperties) = preSolution
		HideSolutionNode = FALSE
	EndGlobalSection
	GlobalSection(ExtensibilityGlobals) = postSolution
		SolutionGuid = {D1F4BD16-AF07-403C-9EE8-56B5850CA0ED}
	EndGlobalSection
EndGlobal
